schema: '2.0'
stages:
  prepare_database:
    cmd: python prepare_database.py
    deps:
    - path: prepare_database.py
      hash: md5
      md5: aea35bf1c8854d12e6a8af8abd1ee93c
      size: 550
    - path: vocabularies
      hash: md5
      md5: a1a94642457b4f564a76ea770b0aed0c.dir
      size: 1255423207
      nfiles: 10
    outs:
    - path: omop.db
      hash: md5
      md5: e0b7a3d741f20d1018b969217996cc6d
      size: 1489776640
  prepare_datasets:
    cmd: python prepare_datasets.py
    deps:
    - path: omop.db
      hash: md5
      md5: e0b7a3d741f20d1018b969217996cc6d
      size: 1489776640
    - path: prepare_datasets.py
      hash: md5
      md5: 6620cfe33c3b714bb779ea671a18101e
      size: 982
    - path: sql_commands.yaml
      hash: md5
      md5: c251232387b4a3979fc138712bd24ff6
      size: 2444
    outs:
    - path: datasets/non_std_concept_synonym_to_std_vocab_code.csv
      hash: md5
      md5: 5ecb651be7bee938e1dbd54de629c99e
      size: 8935428
    - path: datasets/non_std_concept_to_std_vocab_code.csv
      hash: md5
      md5: 6a3ff40857a88dd430f4a64c40d3c2f4
      size: 2842696
    - path: datasets/std_concept_synonym_to_std_vocab_code.csv
      hash: md5
      md5: eae9577fbc770dd0c585d9c3b46dc998
      size: 144372743
    - path: datasets/std_concept_to_std_vocab_code.csv
      hash: md5
      md5: 9f04fe237b91cde8cba0a46b82efa65b
      size: 41408679
  split_datasets:
    cmd: python split_datasets.py
    deps:
    - path: datasets/non_std_concept_synonym_to_std_vocab_code.csv
      hash: md5
      md5: 5ecb651be7bee938e1dbd54de629c99e
      size: 8935428
    - path: datasets/non_std_concept_to_std_vocab_code.csv
      hash: md5
      md5: 6a3ff40857a88dd430f4a64c40d3c2f4
      size: 2842696
    - path: datasets/std_concept_synonym_to_std_vocab_code.csv
      hash: md5
      md5: eae9577fbc770dd0c585d9c3b46dc998
      size: 144372743
    - path: datasets/std_concept_to_std_vocab_code.csv
      hash: md5
      md5: 9f04fe237b91cde8cba0a46b82efa65b
      size: 41408679
    - path: split_datasets.py
      hash: md5
      md5: 2b3b4653acca98fe2cdd2b9b98f2b31e
      size: 2449
    outs:
    - path: datasets/splits
      hash: md5
      md5: c8f1eee5d28623fed79a005f61616c54.dir
      size: 744552703
      nfiles: 10
  llama-32-1b-jepa__tokenize_datasets:
    cmd: python tokenize_datasets.py --params 
      experiments/llama-32-1b-jepa/params.yaml
    deps:
    - path: datasets/splits
      hash: md5
      md5: c4079730c12f06dd4131f2c298b9fe5e.dir
      size: 77823505015
      nfiles: 13
    - path: experiments/llama-32-1b-jepa/params.yaml
      hash: md5
      md5: 2653dc46e54fd888c1a00e4836880db9
      size: 685
    - path: tokenize_datasets.py
      hash: md5
      md5: fc98145058df0f149dece03df0fb434d
      size: 9453
    outs:
    - path: datasets/splits-tokenized
      hash: md5
      md5: b7f5c03a79648f273cfbb4be5a6bb2e1.dir
      size: 77079266940
      nfiles: 162
  llama-32-1b-jepa__train:
    cmd: python train.py --params experiments/llama-32-1b-jepa/params.yaml
    deps:
    - path: datasets/splits-tokenized
      hash: md5
      md5: 0168c2ba824eafeaea2f82724f5be1b4.dir
      size: 93817638
      nfiles: 9
    - path: train.py
      hash: md5
      md5: 5320a879869e21e075bd2a70c54d9ab9
      size: 20515
    params:
      experiments/llama-32-1b-jepa/params.yaml:
        additive_mask: true
        batch_size: 8
        eval_steps: 1000
        eval_strategy: steps
        exp_name: llama-32-1b-jepa
        gamma: 1.0
        gradient_accumulation_steps: 32
        infonce: false
        jepa_l2: false
        jepa_mse: false
        jepa_ratio: -1.0
        last_token: -1
        lbd: 0.1
        learning_rate: 0.0001
        lora_rank: 16
        model_id: meta-llama/Llama-3.2-1B-Instruct
        num_train_epochs: 1
        pretrain: false
        regular: false
        save_steps: 1000
        save_strategy: steps
        save_total_limit: 1
        track_flop: false
        use_lora: true
    outs:
    - path: experiments/llama-32-1b-jepa/outputs
      hash: md5
      md5: 7790d225677f238c4bb09b3a83a8aa92.dir
      size: 3692518192
      nfiles: 19
