schema: '2.0'
stages:
  prepare_database:
    cmd: python prepare_database.py
    deps:
    - path: prepare_database.py
      hash: md5
      md5: 349d47e69571d40991adb721ccc92041
      size: 569
    - path: vocabularies
      hash: md5
      md5: a1a94642457b4f564a76ea770b0aed0c.dir
      size: 1255423207
      nfiles: 10
    outs:
    - path: omop.db
      hash: md5
      md5: 066be117d84c57991926fb34abe76db8
      size: 1489776640
  prepare_datasets:
    cmd: python prepare_datasets.py
    deps:
    - path: omop.db
      hash: md5
      md5: 066be117d84c57991926fb34abe76db8
      size: 1489776640
    - path: prepare_datasets.py
      hash: md5
      md5: e14d51adab9655b7c57aabbaac21a9de
      size: 1019
    - path: sql_commands.yaml
      hash: md5
      md5: a1ea0e7b441477a85fad62ea3f99a9dc
      size: 2509
    outs:
    - path: datasets/non_std_concept_synonym_to_std_vocab_code.csv
      hash: md5
      md5: 5ecb651be7bee938e1dbd54de629c99e
      size: 8935428
    - path: datasets/non_std_concept_to_std_vocab_code.csv
      hash: md5
      md5: 6a3ff40857a88dd430f4a64c40d3c2f4
      size: 2842696
    - path: datasets/std_concept_synonym_to_std_vocab_code.csv
      hash: md5
      md5: eae9577fbc770dd0c585d9c3b46dc998
      size: 144372743
    - path: datasets/std_concept_to_std_vocab_code.csv
      hash: md5
      md5: 9f04fe237b91cde8cba0a46b82efa65b
      size: 41408679
  split_datasets:
    cmd: python split_datasets.py
    deps:
    - path: datasets/non_std_concept_synonym_to_std_vocab_code.csv
      hash: md5
      md5: 5ecb651be7bee938e1dbd54de629c99e
      size: 8935428
    - path: datasets/non_std_concept_to_std_vocab_code.csv
      hash: md5
      md5: 6a3ff40857a88dd430f4a64c40d3c2f4
      size: 2842696
    - path: datasets/std_concept_synonym_to_std_vocab_code.csv
      hash: md5
      md5: eae9577fbc770dd0c585d9c3b46dc998
      size: 144372743
    - path: datasets/std_concept_to_std_vocab_code.csv
      hash: md5
      md5: 9f04fe237b91cde8cba0a46b82efa65b
      size: 41408679
    - path: split_datasets.py
      hash: md5
      md5: cce6af9991a15287ac6ff8d26c6ec40f
      size: 2531
    outs:
    - path: datasets/splits
      hash: md5
      md5: 5084d742c58946e17e107a393a26ec1f.dir
      size: 744552703
      nfiles: 10
  llama-32-1b-jepa__tokenize_datasets:
    cmd: python tokenize_datasets.py --params 
      experiments/llama-32-1b-jepa/params.yaml
    deps:
    - path: datasets/splits
      hash: md5
      md5: 5084d742c58946e17e107a393a26ec1f.dir
      size: 744552703
      nfiles: 10
    - path: tokenize_datasets.py
      hash: md5
      md5: e48fe24a8204df083203c6e2fe5ffab9
      size: 9643
    params:
      experiments/llama-32-1b-jepa/params.yaml:
        debug: -1
        exp_name: llama-32-1b-jepa
        front_pred: false
        max_length: 512
        model_id: meta-llama/Llama-3.2-1B-Instruct
        plain: false
        predictors: 0
        regular: false
        reverse_pred: false
        splits_to_use:
        - train
        - val
        - test
        train_all: false
    outs:
    - path: datasets/splits-tokenized
      hash: md5
      md5: f688469e8058f6040b5ce49c3d9f481b.dir
      size: 63279955116
      nfiles: 134
